
Microsoft Visual Studio Solution File, Format Version 12.00
# Visual Studio Version 17
VisualStudioVersion = 17.6.33712.159
MinimumVisualStudioVersion = 10.0.40219.1
Project("{FAE04EC0-301F-11D3-BF4B-00C04F79EFBC}") = "ShirtDiscountGUI", "HOT02\ShirtDiscountGUI.csproj", "{6C31B39B-E336-4454-AD7B-7F8232C1B78C}"
EndProject
Project("{FAE04EC0-301F-11D3-BF4B-00C04F79EFBC}") = "LetterGrade-GUI", "LetterGrade-GUI\LetterGrade-GUI.csproj", "{27A46CD7-EC95-4389-8E60-CE14B3ACEFF2}"
EndProject
Project("{FAE04EC0-301F-11D3-BF4B-00C04F79EFBC}") = "LetterGrade-Console", "LetterGrade-Console\LetterGrade-Console.csproj", "{4A6CBC8A-A263-4599-BB4B-E841CF9C61C5}"
EndProject
Project("{FAE04EC0-301F-11D3-BF4B-00C04F79EFBC}") = "LawnCareGUIhot", "LawnCareGUIhot\LawnCareGUIhot.csproj", "{6FDE04CC-F638-4BCD-ACE5-EA45D54FF3CE}"
EndProject
Global
	GlobalSection(SolutionConfigurationPlatforms) = preSolution
		Debug|Any CPU = Debug|Any CPU
		Release|Any CPU = Release|Any CPU
	EndGlobalSection
	GlobalSection(ProjectConfigurationPlatforms) = postSolution
		{6C31B39B-E336-4454-AD7B-7F8232C1B78C}.Debug|Any CPU.ActiveCfg = Debug|Any CPU
		{6C31B39B-E336-4454-AD7B-7F8232C1B78C}.Debug|Any CPU.Build.0 = Debug|Any CPU
		{6C31B39B-E336-4454-AD7B-7F8232C1B78C}.Release|Any CPU.ActiveCfg = Release|Any CPU
		{6C31B39B-E336-4454-AD7B-7F8232C1B78C}.Release|Any CPU.Build.0 = Release|Any CPU
		{27A46CD7-EC95-4389-8E60-CE14B3ACEFF2}.Debug|Any CPU.ActiveCfg = Debug|Any CPU
		{27A46CD7-EC95-4389-8E60-CE14B3ACEFF2}.Debug|Any CPU.Build.0 = Debug|Any CPU
		{27A46CD7-EC95-4389-8E60-CE14B3ACEFF2}.Release|Any CPU.ActiveCfg = Release|Any CPU
		{27A46CD7-EC95-4389-8E60-CE14B3ACEFF2}.Release|Any CPU.Build.0 = Release|Any CPU
		{4A6CBC8A-A263-4599-BB4B-E841CF9C61C5}.Debug|Any CPU.ActiveCfg = Debug|Any CPU
		{4A6CBC8A-A263-4599-BB4B-E841CF9C61C5}.Debug|Any CPU.Build.0 = Debug|Any CPU
		{4A6CBC8A-A263-4599-BB4B-E841CF9C61C5}.Release|Any CPU.ActiveCfg = Release|Any CPU
		{4A6CBC8A-A263-4599-BB4B-E841CF9C61C5}.Release|Any CPU.Build.0 = Release|Any CPU
		{6FDE04CC-F638-4BCD-ACE5-EA45D54FF3CE}.Debug|Any CPU.ActiveCfg = Debug|Any CPU
		{6FDE04CC-F638-4BCD-ACE5-EA45D54FF3CE}.Debug|Any CPU.Build.0 = Debug|Any CPU
		{6FDE04CC-F638-4BCD-ACE5-EA45D54FF3CE}.Release|Any CPU.ActiveCfg = Release|Any CPU
		{6FDE04CC-F638-4BCD-ACE5-EA45D54FF3CE}.Release|Any CPU.Build.0 = Release|Any CPU
	EndGlobalSection
	GlobalSection(SolutionProperties) = preSolution
		HideSolutionNode = FALSE
	EndGlobalSection
	GlobalSection(ExtensibilityGlobals) = postSolution
		SolutionGuid = {4E969BF1-7AA4-45FF-9713-7A4F07267F16}
	EndGlobalSection
EndGlobal
